// !$*UTF8*$!
{
	archiveVersion = 1;
	classes = {
	};
	objectVersion = 46;
	objects = {

/* Begin PBXBuildFile section */
		400274BC1E321D46000B94DF /* FlatViewCell.swift in Sources */ = {isa = PBXBuildFile; fileRef = 400274BB1E321D46000B94DF /* FlatViewCell.swift */; };
		401F5EED1F06A3E1007BD559 /* OKSDK.m in Sources */ = {isa = PBXBuildFile; fileRef = 401F5EE81F06A3E1007BD559 /* OKSDK.m */; };
		404A1B561F0001CE00AA5C22 /* ConnectionCheck.swift in Sources */ = {isa = PBXBuildFile; fileRef = 404A1B551F0001CE00AA5C22 /* ConnectionCheck.swift */; };
		404E70E11E2EBF2800F94277 /* FacebookAuth.swift in Sources */ = {isa = PBXBuildFile; fileRef = 404E70E01E2EBF2800F94277 /* FacebookAuth.swift */; };
		404F01F91F12567100833A7E /* favouritesViewController.swift in Sources */ = {isa = PBXBuildFile; fileRef = 404F01F81F12567100833A7E /* favouritesViewController.swift */; };
		405F99411E75E09C002EB303 /* person.swift in Sources */ = {isa = PBXBuildFile; fileRef = 405F99401E75E09C002EB303 /* person.swift */; };
		406BC19A1E7FC8BA000ECBE2 /* MutualFriendsViewController.swift in Sources */ = {isa = PBXBuildFile; fileRef = 406BC1991E7FC8BA000ECBE2 /* MutualFriendsViewController.swift */; };
		406BC19C1E7FCA06000ECBE2 /* MutualFriendsTableViewCell.swift in Sources */ = {isa = PBXBuildFile; fileRef = 406BC19B1E7FCA06000ECBE2 /* MutualFriendsTableViewCell.swift */; };
		406F92011E2F53F800E2A9FF /* FBSDKCoreKit.framework in Frameworks */ = {isa = PBXBuildFile; fileRef = 406F91FF1E2F53F800E2A9FF /* FBSDKCoreKit.framework */; };
		406F92021E2F53F800E2A9FF /* FBSDKLoginKit.framework in Frameworks */ = {isa = PBXBuildFile; fileRef = 406F92001E2F53F800E2A9FF /* FBSDKLoginKit.framework */; };
		407618661E3E245400650C72 /* classFlat.swift in Sources */ = {isa = PBXBuildFile; fileRef = 407618651E3E245400650C72 /* classFlat.swift */; };
		408376931E4B4C3C001B8F16 /* FlatViewController.swift in Sources */ = {isa = PBXBuildFile; fileRef = 408376921E4B4C3C001B8F16 /* FlatViewController.swift */; };
		408A687C1E424A8900FEA8EF /* APIfunctions.swift in Sources */ = {isa = PBXBuildFile; fileRef = 408A687B1E424A8900FEA8EF /* APIfunctions.swift */; };
		40B0D23D1E6F39DE00BC1142 /* Assets.xcassets in Resources */ = {isa = PBXBuildFile; fileRef = 40B0D23C1E6F39DE00BC1142 /* Assets.xcassets */; };
		40D6EFEF1E2F684D00363465 /* Bolts.framework in Frameworks */ = {isa = PBXBuildFile; fileRef = 40D6EFEE1E2F684D00363465 /* Bolts.framework */; };
		5E9C8A722D7580992749666F /* Pods_sixHandsUITests.framework in Frameworks */ = {isa = PBXBuildFile; fileRef = 36FDA856FD8EE1986F732C03 /* Pods_sixHandsUITests.framework */; };
		7E2A8EE45F0BB582F5921732 /* Pods_sixHands.framework in Frameworks */ = {isa = PBXBuildFile; fileRef = 6780D743E810AEE48781C19C /* Pods_sixHands.framework */; };
		9D33CA5E1E4A6F1B000FFAA9 /* RentParamsController.swift in Sources */ = {isa = PBXBuildFile; fileRef = 9D33CA5D1E4A6F1B000FFAA9 /* RentParamsController.swift */; };
		9D4DD7DF1EE54AFC00633DFE /* MasterContainer.swift in Sources */ = {isa = PBXBuildFile; fileRef = 9D4DD7DE1EE54AFC00633DFE /* MasterContainer.swift */; };
		9D4DD7E11EE54DEE00633DFE /* Empty.swift in Sources */ = {isa = PBXBuildFile; fileRef = 9D4DD7E01EE54DEE00633DFE /* Empty.swift */; };
		9D4DD7E31EE56D3C00633DFE /* RentCommentController.swift in Sources */ = {isa = PBXBuildFile; fileRef = 9D4DD7E21EE56D3C00633DFE /* RentCommentController.swift */; };
		9D6B11C81ECB7C27006D38F7 /* CoreLocation.framework in Frameworks */ = {isa = PBXBuildFile; fileRef = 9D6B11C71ECB7C27006D38F7 /* CoreLocation.framework */; };
		9D6F7FC01E9B77800012AFE8 /* EditFlatController.swift in Sources */ = {isa = PBXBuildFile; fileRef = 9D6F7FBF1E9B77800012AFE8 /* EditFlatController.swift */; };
		9D6FE0E71E42437C00133C3F /* ProfileController.swift in Sources */ = {isa = PBXBuildFile; fileRef = 9D6FE0E61E42437C00133C3F /* ProfileController.swift */; };
		9D869E7D1E9B675F00C18EB7 /* Entry.swift in Sources */ = {isa = PBXBuildFile; fileRef = 9D869E7C1E9B675F00C18EB7 /* Entry.swift */; };
		9D8D64481E47C03100019F22 /* RentAddressController.swift in Sources */ = {isa = PBXBuildFile; fileRef = 9D8D64471E47C03100019F22 /* RentAddressController.swift */; };
		9DC414C01E4B4D0B001A9385 /* RentLastPageController.swift in Sources */ = {isa = PBXBuildFile; fileRef = 9DC414BF1E4B4D0B001A9385 /* RentLastPageController.swift */; };
		9DEB382C1EDF5C8800303561 /* NumbersContainer.swift in Sources */ = {isa = PBXBuildFile; fileRef = 9DEB382B1EDF5C8800303561 /* NumbersContainer.swift */; };
		A35074894FDA36A12622C1DD /* Pods_sixHandsTests.framework in Frameworks */ = {isa = PBXBuildFile; fileRef = 8CEC0A982CA57FD3764CF30C /* Pods_sixHandsTests.framework */; };
		DAB274111E2676CC00A06E11 /* VK_ios_sdk.framework in Frameworks */ = {isa = PBXBuildFile; fileRef = DAB274101E2676CC00A06E11 /* VK_ios_sdk.framework */; };
		DAB274131E27B85D00A06E11 /* SwiftyJSON.framework in Frameworks */ = {isa = PBXBuildFile; fileRef = DAB274121E27B85D00A06E11 /* SwiftyJSON.framework */; };
		DAB274151E27BB9900A06E11 /* six_hand.xcdatamodel in Sources */ = {isa = PBXBuildFile; fileRef = DAB274141E27BB9900A06E11 /* six_hand.xcdatamodel */; };
		F7529B5B1E266BA700F47FE9 /* AppDelegate.swift in Sources */ = {isa = PBXBuildFile; fileRef = F7529B5A1E266BA700F47FE9 /* AppDelegate.swift */; };
		F7529B5D1E266BA700F47FE9 /* ViewController.swift in Sources */ = {isa = PBXBuildFile; fileRef = F7529B5C1E266BA700F47FE9 /* ViewController.swift */; };
		F7529B601E266BA700F47FE9 /* Main.storyboard in Resources */ = {isa = PBXBuildFile; fileRef = F7529B5E1E266BA700F47FE9 /* Main.storyboard */; };
		F7529B651E266BA700F47FE9 /* LaunchScreen.storyboard in Resources */ = {isa = PBXBuildFile; fileRef = F7529B631E266BA700F47FE9 /* LaunchScreen.storyboard */; };
		F7529B701E266BA700F47FE9 /* sixHandsTests.swift in Sources */ = {isa = PBXBuildFile; fileRef = F7529B6F1E266BA700F47FE9 /* sixHandsTests.swift */; };
		F7529B7B1E266BA700F47FE9 /* sixHandsUITests.swift in Sources */ = {isa = PBXBuildFile; fileRef = F7529B7A1E266BA700F47FE9 /* sixHandsUITests.swift */; };
		F7BAACAF1E2C8FE7009BE9AD /* ListOfFlatsController.swift in Sources */ = {isa = PBXBuildFile; fileRef = F7BAACAE1E2C8FE7009BE9AD /* ListOfFlatsController.swift */; };
/* End PBXBuildFile section */

/* Begin PBXContainerItemProxy section */
		F7529B6C1E266BA700F47FE9 /* PBXContainerItemProxy */ = {
			isa = PBXContainerItemProxy;
			containerPortal = F7529B4F1E266BA700F47FE9 /* Project object */;
			proxyType = 1;
			remoteGlobalIDString = F7529B561E266BA700F47FE9;
			remoteInfo = sixHands;
		};
		F7529B771E266BA700F47FE9 /* PBXContainerItemProxy */ = {
			isa = PBXContainerItemProxy;
			containerPortal = F7529B4F1E266BA700F47FE9 /* Project object */;
			proxyType = 1;
			remoteGlobalIDString = F7529B561E266BA700F47FE9;
			remoteInfo = sixHands;
		};
/* End PBXContainerItemProxy section */

/* Begin PBXFileReference section */
		18FBA49ED325AFFF16756EF4 /* Pods-sixHandsUITests.debug.xcconfig */ = {isa = PBXFileReference; includeInIndex = 1; lastKnownFileType = text.xcconfig; name = "Pods-sixHandsUITests.debug.xcconfig"; path = "Pods/Target Support Files/Pods-sixHandsUITests/Pods-sixHandsUITests.debug.xcconfig"; sourceTree = "<group>"; };
		36A6F9B5BD6D2615B0FFA05B /* Pods-sixHandsTests.release.xcconfig */ = {isa = PBXFileReference; includeInIndex = 1; lastKnownFileType = text.xcconfig; name = "Pods-sixHandsTests.release.xcconfig"; path = "Pods/Target Support Files/Pods-sixHandsTests/Pods-sixHandsTests.release.xcconfig"; sourceTree = "<group>"; };
		36FDA856FD8EE1986F732C03 /* Pods_sixHandsUITests.framework */ = {isa = PBXFileReference; explicitFileType = wrapper.framework; includeInIndex = 0; path = Pods_sixHandsUITests.framework; sourceTree = BUILT_PRODUCTS_DIR; };
		400274BB1E321D46000B94DF /* FlatViewCell.swift */ = {isa = PBXFileReference; fileEncoding = 4; lastKnownFileType = sourcecode.swift; path = FlatViewCell.swift; sourceTree = "<group>"; };
		401F5EE71F06A3E1007BD559 /* OKSDK.h */ = {isa = PBXFileReference; fileEncoding = 4; lastKnownFileType = sourcecode.c.h; path = OKSDK.h; sourceTree = "<group>"; };
		401F5EE81F06A3E1007BD559 /* OKSDK.m */ = {isa = PBXFileReference; fileEncoding = 4; lastKnownFileType = sourcecode.c.objc; path = OKSDK.m; sourceTree = "<group>"; };
		404A1B551F0001CE00AA5C22 /* ConnectionCheck.swift */ = {isa = PBXFileReference; lastKnownFileType = sourcecode.swift; path = ConnectionCheck.swift; sourceTree = "<group>"; };
		404E70E01E2EBF2800F94277 /* FacebookAuth.swift */ = {isa = PBXFileReference; fileEncoding = 4; lastKnownFileType = sourcecode.swift; path = FacebookAuth.swift; sourceTree = "<group>"; };
		404F01F81F12567100833A7E /* favouritesViewController.swift */ = {isa = PBXFileReference; lastKnownFileType = sourcecode.swift; path = favouritesViewController.swift; sourceTree = "<group>"; };
		405F99401E75E09C002EB303 /* person.swift */ = {isa = PBXFileReference; fileEncoding = 4; lastKnownFileType = sourcecode.swift; path = person.swift; sourceTree = "<group>"; };
		406BC1991E7FC8BA000ECBE2 /* MutualFriendsViewController.swift */ = {isa = PBXFileReference; fileEncoding = 4; lastKnownFileType = sourcecode.swift; path = MutualFriendsViewController.swift; sourceTree = "<group>"; };
		406BC19B1E7FCA06000ECBE2 /* MutualFriendsTableViewCell.swift */ = {isa = PBXFileReference; fileEncoding = 4; lastKnownFileType = sourcecode.swift; path = MutualFriendsTableViewCell.swift; sourceTree = "<group>"; };
		406F91FF1E2F53F800E2A9FF /* FBSDKCoreKit.framework */ = {isa = PBXFileReference; lastKnownFileType = wrapper.framework; path = FBSDKCoreKit.framework; sourceTree = "<group>"; };
		406F92001E2F53F800E2A9FF /* FBSDKLoginKit.framework */ = {isa = PBXFileReference; lastKnownFileType = wrapper.framework; path = FBSDKLoginKit.framework; sourceTree = "<group>"; };
		407618651E3E245400650C72 /* classFlat.swift */ = {isa = PBXFileReference; fileEncoding = 4; lastKnownFileType = sourcecode.swift; path = classFlat.swift; sourceTree = "<group>"; };
		408376921E4B4C3C001B8F16 /* FlatViewController.swift */ = {isa = PBXFileReference; fileEncoding = 4; lastKnownFileType = sourcecode.swift; path = FlatViewController.swift; sourceTree = "<group>"; };
		408A687B1E424A8900FEA8EF /* APIfunctions.swift */ = {isa = PBXFileReference; fileEncoding = 4; lastKnownFileType = sourcecode.swift; path = APIfunctions.swift; sourceTree = "<group>"; };
		40B0D23C1E6F39DE00BC1142 /* Assets.xcassets */ = {isa = PBXFileReference; lastKnownFileType = folder.assetcatalog; path = Assets.xcassets; sourceTree = "<group>"; };
		40D6EFEE1E2F684D00363465 /* Bolts.framework */ = {isa = PBXFileReference; lastKnownFileType = wrapper.framework; path = Bolts.framework; sourceTree = "<group>"; };
		63FDC736767934B0635C653E /* Pods-sixHands.debug.xcconfig */ = {isa = PBXFileReference; includeInIndex = 1; lastKnownFileType = text.xcconfig; name = "Pods-sixHands.debug.xcconfig"; path = "Pods/Target Support Files/Pods-sixHands/Pods-sixHands.debug.xcconfig"; sourceTree = "<group>"; };
		6780D743E810AEE48781C19C /* Pods_sixHands.framework */ = {isa = PBXFileReference; explicitFileType = wrapper.framework; includeInIndex = 0; path = Pods_sixHands.framework; sourceTree = BUILT_PRODUCTS_DIR; };
		8CEC0A982CA57FD3764CF30C /* Pods_sixHandsTests.framework */ = {isa = PBXFileReference; explicitFileType = wrapper.framework; includeInIndex = 0; path = Pods_sixHandsTests.framework; sourceTree = BUILT_PRODUCTS_DIR; };
		97141A11E80A7E41C9BE4B60 /* Pods-sixHandsTests.debug.xcconfig */ = {isa = PBXFileReference; includeInIndex = 1; lastKnownFileType = text.xcconfig; name = "Pods-sixHandsTests.debug.xcconfig"; path = "Pods/Target Support Files/Pods-sixHandsTests/Pods-sixHandsTests.debug.xcconfig"; sourceTree = "<group>"; };
		9D33CA5D1E4A6F1B000FFAA9 /* RentParamsController.swift */ = {isa = PBXFileReference; fileEncoding = 4; lastKnownFileType = sourcecode.swift; path = RentParamsController.swift; sourceTree = "<group>"; };
		9D4DD7DE1EE54AFC00633DFE /* MasterContainer.swift */ = {isa = PBXFileReference; fileEncoding = 4; lastKnownFileType = sourcecode.swift; path = MasterContainer.swift; sourceTree = "<group>"; };
		9D4DD7E01EE54DEE00633DFE /* Empty.swift */ = {isa = PBXFileReference; fileEncoding = 4; lastKnownFileType = sourcecode.swift; path = Empty.swift; sourceTree = "<group>"; };
		9D4DD7E21EE56D3C00633DFE /* RentCommentController.swift */ = {isa = PBXFileReference; fileEncoding = 4; lastKnownFileType = sourcecode.swift; path = RentCommentController.swift; sourceTree = "<group>"; };
		9D6B11C71ECB7C27006D38F7 /* CoreLocation.framework */ = {isa = PBXFileReference; lastKnownFileType = wrapper.framework; name = CoreLocation.framework; path = System/Library/Frameworks/CoreLocation.framework; sourceTree = SDKROOT; };
		9D6F7FBF1E9B77800012AFE8 /* EditFlatController.swift */ = {isa = PBXFileReference; fileEncoding = 4; lastKnownFileType = sourcecode.swift; path = EditFlatController.swift; sourceTree = "<group>"; };
		9D6FE0E61E42437C00133C3F /* ProfileController.swift */ = {isa = PBXFileReference; fileEncoding = 4; lastKnownFileType = sourcecode.swift; path = ProfileController.swift; sourceTree = "<group>"; };
		9D869E7C1E9B675F00C18EB7 /* Entry.swift */ = {isa = PBXFileReference; fileEncoding = 4; lastKnownFileType = sourcecode.swift; path = Entry.swift; sourceTree = "<group>"; };
		9D8D64471E47C03100019F22 /* RentAddressController.swift */ = {isa = PBXFileReference; fileEncoding = 4; lastKnownFileType = sourcecode.swift; path = RentAddressController.swift; sourceTree = "<group>"; };
		9DC414BF1E4B4D0B001A9385 /* RentLastPageController.swift */ = {isa = PBXFileReference; fileEncoding = 4; lastKnownFileType = sourcecode.swift; path = RentLastPageController.swift; sourceTree = "<group>"; };
		9DEB382B1EDF5C8800303561 /* NumbersContainer.swift */ = {isa = PBXFileReference; fileEncoding = 4; lastKnownFileType = sourcecode.swift; path = NumbersContainer.swift; sourceTree = "<group>"; };
		AAA86B416A6473A83F995839 /* Pods-sixHandsUITests.release.xcconfig */ = {isa = PBXFileReference; includeInIndex = 1; lastKnownFileType = text.xcconfig; name = "Pods-sixHandsUITests.release.xcconfig"; path = "Pods/Target Support Files/Pods-sixHandsUITests/Pods-sixHandsUITests.release.xcconfig"; sourceTree = "<group>"; };
		B7AF76E87CD3942874EF5E1F /* Pods-sixHands.release.xcconfig */ = {isa = PBXFileReference; includeInIndex = 1; lastKnownFileType = text.xcconfig; name = "Pods-sixHands.release.xcconfig"; path = "Pods/Target Support Files/Pods-sixHands/Pods-sixHands.release.xcconfig"; sourceTree = "<group>"; };
		DAB2740D1E2676B100A06E11 /* sixHands-Bridging-Header.h */ = {isa = PBXFileReference; lastKnownFileType = sourcecode.c.h; path = "sixHands-Bridging-Header.h"; sourceTree = "<group>"; };
		DAB274101E2676CC00A06E11 /* VK_ios_sdk.framework */ = {isa = PBXFileReference; lastKnownFileType = wrapper.framework; name = VK_ios_sdk.framework; path = "../../Library/Developer/Xcode/DerivedData/sixHands-aamiahgmlndqjveaummiesehqmaa/Build/Products/Debug-iphonesimulator/VK-ios-sdk/VK_ios_sdk.framework"; sourceTree = "<group>"; };
		DAB274121E27B85D00A06E11 /* SwiftyJSON.framework */ = {isa = PBXFileReference; lastKnownFileType = wrapper.framework; name = SwiftyJSON.framework; path = "Pods/../build/Debug-iphoneos/SwiftyJSON/SwiftyJSON.framework"; sourceTree = "<group>"; };
		DAB274141E27BB9900A06E11 /* six_hand.xcdatamodel */ = {isa = PBXFileReference; lastKnownFileType = wrapper.xcdatamodel; path = six_hand.xcdatamodel; sourceTree = "<group>"; };
		F7529B571E266BA700F47FE9 /* sixHands.app */ = {isa = PBXFileReference; explicitFileType = wrapper.application; includeInIndex = 0; path = sixHands.app; sourceTree = BUILT_PRODUCTS_DIR; };
		F7529B5A1E266BA700F47FE9 /* AppDelegate.swift */ = {isa = PBXFileReference; lastKnownFileType = sourcecode.swift; path = AppDelegate.swift; sourceTree = "<group>"; };
		F7529B5C1E266BA700F47FE9 /* ViewController.swift */ = {isa = PBXFileReference; lastKnownFileType = sourcecode.swift; path = ViewController.swift; sourceTree = "<group>"; };
		F7529B5F1E266BA700F47FE9 /* Base */ = {isa = PBXFileReference; lastKnownFileType = file.storyboard; name = Base; path = Base.lproj/Main.storyboard; sourceTree = "<group>"; };
		F7529B641E266BA700F47FE9 /* Base */ = {isa = PBXFileReference; lastKnownFileType = file.storyboard; name = Base; path = Base.lproj/LaunchScreen.storyboard; sourceTree = "<group>"; };
		F7529B661E266BA700F47FE9 /* Info.plist */ = {isa = PBXFileReference; lastKnownFileType = text.plist.xml; path = Info.plist; sourceTree = "<group>"; };
		F7529B6B1E266BA700F47FE9 /* sixHandsTests.xctest */ = {isa = PBXFileReference; explicitFileType = wrapper.cfbundle; includeInIndex = 0; path = sixHandsTests.xctest; sourceTree = BUILT_PRODUCTS_DIR; };
		F7529B6F1E266BA700F47FE9 /* sixHandsTests.swift */ = {isa = PBXFileReference; lastKnownFileType = sourcecode.swift; path = sixHandsTests.swift; sourceTree = "<group>"; };
		F7529B711E266BA700F47FE9 /* Info.plist */ = {isa = PBXFileReference; lastKnownFileType = text.plist.xml; path = Info.plist; sourceTree = "<group>"; };
		F7529B761E266BA700F47FE9 /* sixHandsUITests.xctest */ = {isa = PBXFileReference; explicitFileType = wrapper.cfbundle; includeInIndex = 0; path = sixHandsUITests.xctest; sourceTree = BUILT_PRODUCTS_DIR; };
		F7529B7A1E266BA700F47FE9 /* sixHandsUITests.swift */ = {isa = PBXFileReference; lastKnownFileType = sourcecode.swift; path = sixHandsUITests.swift; sourceTree = "<group>"; };
		F7529B7C1E266BA700F47FE9 /* Info.plist */ = {isa = PBXFileReference; lastKnownFileType = text.plist.xml; path = Info.plist; sourceTree = "<group>"; };
		F7BAACAE1E2C8FE7009BE9AD /* ListOfFlatsController.swift */ = {isa = PBXFileReference; fileEncoding = 4; lastKnownFileType = sourcecode.swift; path = ListOfFlatsController.swift; sourceTree = "<group>"; };
/* End PBXFileReference section */

/* Begin PBXFrameworksBuildPhase section */
		F7529B541E266BA700F47FE9 /* Frameworks */ = {
			isa = PBXFrameworksBuildPhase;
			buildActionMask = 2147483647;
			files = (
				9D6B11C81ECB7C27006D38F7 /* CoreLocation.framework in Frameworks */,
				DAB274131E27B85D00A06E11 /* SwiftyJSON.framework in Frameworks */,
				406F92011E2F53F800E2A9FF /* FBSDKCoreKit.framework in Frameworks */,
				406F92021E2F53F800E2A9FF /* FBSDKLoginKit.framework in Frameworks */,
				40D6EFEF1E2F684D00363465 /* Bolts.framework in Frameworks */,
				DAB274111E2676CC00A06E11 /* VK_ios_sdk.framework in Frameworks */,
				7E2A8EE45F0BB582F5921732 /* Pods_sixHands.framework in Frameworks */,
			);
			runOnlyForDeploymentPostprocessing = 0;
		};
		F7529B681E266BA700F47FE9 /* Frameworks */ = {
			isa = PBXFrameworksBuildPhase;
			buildActionMask = 2147483647;
			files = (
				A35074894FDA36A12622C1DD /* Pods_sixHandsTests.framework in Frameworks */,
			);
			runOnlyForDeploymentPostprocessing = 0;
		};
		F7529B731E266BA700F47FE9 /* Frameworks */ = {
			isa = PBXFrameworksBuildPhase;
			buildActionMask = 2147483647;
			files = (
				5E9C8A722D7580992749666F /* Pods_sixHandsUITests.framework in Frameworks */,
			);
			runOnlyForDeploymentPostprocessing = 0;
		};
/* End PBXFrameworksBuildPhase section */

/* Begin PBXGroup section */
		D8CA62CE80DF5009C0CB60E2 /* Frameworks */ = {
			isa = PBXGroup;
			children = (
				9D6B11C71ECB7C27006D38F7 /* CoreLocation.framework */,
				40D6EFEE1E2F684D00363465 /* Bolts.framework */,
				406F91FF1E2F53F800E2A9FF /* FBSDKCoreKit.framework */,
				406F92001E2F53F800E2A9FF /* FBSDKLoginKit.framework */,
				DAB274121E27B85D00A06E11 /* SwiftyJSON.framework */,
				DAB274101E2676CC00A06E11 /* VK_ios_sdk.framework */,
				6780D743E810AEE48781C19C /* Pods_sixHands.framework */,
				8CEC0A982CA57FD3764CF30C /* Pods_sixHandsTests.framework */,
				36FDA856FD8EE1986F732C03 /* Pods_sixHandsUITests.framework */,
			);
			name = Frameworks;
			sourceTree = "<group>";
		};
		F7529B4E1E266BA700F47FE9 = {
			isa = PBXGroup;
			children = (
				F7529B591E266BA700F47FE9 /* sixHands */,
				F7529B6E1E266BA700F47FE9 /* sixHandsTests */,
				F7529B791E266BA700F47FE9 /* sixHandsUITests */,
				F7529B581E266BA700F47FE9 /* Products */,
				F9EFD6413BDC82BDAE149B08 /* Pods */,
				D8CA62CE80DF5009C0CB60E2 /* Frameworks */,
			);
			sourceTree = "<group>";
		};
		F7529B581E266BA700F47FE9 /* Products */ = {
			isa = PBXGroup;
			children = (
				F7529B571E266BA700F47FE9 /* sixHands.app */,
				F7529B6B1E266BA700F47FE9 /* sixHandsTests.xctest */,
				F7529B761E266BA700F47FE9 /* sixHandsUITests.xctest */,
			);
			name = Products;
			sourceTree = "<group>";
		};
		F7529B591E266BA700F47FE9 /* sixHands */ = {
			isa = PBXGroup;
			children = (
				F7BAACB61E2CD27C009BE9AD /* Views */,
				F7BAACB01E2C98B0009BE9AD /* Models */,
				F7BAACAD1E2C8FB9009BE9AD /* Controllers */,
				DAB274141E27BB9900A06E11 /* six_hand.xcdatamodel */,
				F7529B5A1E266BA700F47FE9 /* AppDelegate.swift */,
				40B0D23C1E6F39DE00BC1142 /* Assets.xcassets */,
				F7529B5E1E266BA700F47FE9 /* Main.storyboard */,
				F7529B631E266BA700F47FE9 /* LaunchScreen.storyboard */,
				F7529B661E266BA700F47FE9 /* Info.plist */,
				DAB2740D1E2676B100A06E11 /* sixHands-Bridging-Header.h */,
				401F5EE71F06A3E1007BD559 /* OKSDK.h */,
				401F5EE81F06A3E1007BD559 /* OKSDK.m */,
			);
			path = sixHands;
			sourceTree = "<group>";
		};
		F7529B6E1E266BA700F47FE9 /* sixHandsTests */ = {
			isa = PBXGroup;
			children = (
				F7529B6F1E266BA700F47FE9 /* sixHandsTests.swift */,
				F7529B711E266BA700F47FE9 /* Info.plist */,
			);
			path = sixHandsTests;
			sourceTree = "<group>";
		};
		F7529B791E266BA700F47FE9 /* sixHandsUITests */ = {
			isa = PBXGroup;
			children = (
				F7529B7A1E266BA700F47FE9 /* sixHandsUITests.swift */,
				F7529B7C1E266BA700F47FE9 /* Info.plist */,
			);
			path = sixHandsUITests;
			sourceTree = "<group>";
		};
		F7BAACAD1E2C8FB9009BE9AD /* Controllers */ = {
			isa = PBXGroup;
			children = (
				9D869E7C1E9B675F00C18EB7 /* Entry.swift */,
				F7529B5C1E266BA700F47FE9 /* ViewController.swift */,
				F7BAACAE1E2C8FE7009BE9AD /* ListOfFlatsController.swift */,
				404F01F81F12567100833A7E /* favouritesViewController.swift */,
				408376921E4B4C3C001B8F16 /* FlatViewController.swift */,
				9D6FE0E61E42437C00133C3F /* ProfileController.swift */,
				9D6F7FBF1E9B77800012AFE8 /* EditFlatController.swift */,
				9D4DD7E01EE54DEE00633DFE /* Empty.swift */,
				9D4DD7DE1EE54AFC00633DFE /* MasterContainer.swift */,
				9DEB382B1EDF5C8800303561 /* NumbersContainer.swift */,
				9D8D64471E47C03100019F22 /* RentAddressController.swift */,
				9D33CA5D1E4A6F1B000FFAA9 /* RentParamsController.swift */,
				9D4DD7E21EE56D3C00633DFE /* RentCommentController.swift */,
				9DC414BF1E4B4D0B001A9385 /* RentLastPageController.swift */,
				406BC1991E7FC8BA000ECBE2 /* MutualFriendsViewController.swift */,
			);
			name = Controllers;
			sourceTree = "<group>";
		};
		F7BAACB01E2C98B0009BE9AD /* Models */ = {
			isa = PBXGroup;
			children = (
				404E70E01E2EBF2800F94277 /* FacebookAuth.swift */,
				404A1B551F0001CE00AA5C22 /* ConnectionCheck.swift */,
				405F99401E75E09C002EB303 /* person.swift */,
				407618651E3E245400650C72 /* classFlat.swift */,
				408A687B1E424A8900FEA8EF /* APIfunctions.swift */,
			);
			name = Models;
			sourceTree = "<group>";
		};
		F7BAACB61E2CD27C009BE9AD /* Views */ = {
			isa = PBXGroup;
			children = (
				400274BB1E321D46000B94DF /* FlatViewCell.swift */,
				406BC19B1E7FCA06000ECBE2 /* MutualFriendsTableViewCell.swift */,
			);
			name = Views;
			sourceTree = "<group>";
		};
		F9EFD6413BDC82BDAE149B08 /* Pods */ = {
			isa = PBXGroup;
			children = (
				63FDC736767934B0635C653E /* Pods-sixHands.debug.xcconfig */,
				B7AF76E87CD3942874EF5E1F /* Pods-sixHands.release.xcconfig */,
				97141A11E80A7E41C9BE4B60 /* Pods-sixHandsTests.debug.xcconfig */,
				36A6F9B5BD6D2615B0FFA05B /* Pods-sixHandsTests.release.xcconfig */,
				18FBA49ED325AFFF16756EF4 /* Pods-sixHandsUITests.debug.xcconfig */,
				AAA86B416A6473A83F995839 /* Pods-sixHandsUITests.release.xcconfig */,
			);
			name = Pods;
			sourceTree = "<group>";
		};
/* End PBXGroup section */

/* Begin PBXNativeTarget section */
		F7529B561E266BA700F47FE9 /* sixHands */ = {
			isa = PBXNativeTarget;
			buildConfigurationList = F7529B7F1E266BA700F47FE9 /* Build configuration list for PBXNativeTarget "sixHands" */;
			buildPhases = (
				A206DC8D692F60F9F5150E35 /* [CP] Check Pods Manifest.lock */,
				F7529B531E266BA700F47FE9 /* Sources */,
				F7529B541E266BA700F47FE9 /* Frameworks */,
				F7529B551E266BA700F47FE9 /* Resources */,
				076D2B3E2F3E230768C53663 /* [CP] Embed Pods Frameworks */,
				DD815C7A80DF7387AF815B51 /* [CP] Copy Pods Resources */,
			);
			buildRules = (
			);
			dependencies = (
			);
			name = sixHands;
			productName = sixHands;
			productReference = F7529B571E266BA700F47FE9 /* sixHands.app */;
			productType = "com.apple.product-type.application";
		};
		F7529B6A1E266BA700F47FE9 /* sixHandsTests */ = {
			isa = PBXNativeTarget;
			buildConfigurationList = F7529B821E266BA700F47FE9 /* Build configuration list for PBXNativeTarget "sixHandsTests" */;
			buildPhases = (
				E912C8311D575F25FE63ED31 /* [CP] Check Pods Manifest.lock */,
				F7529B671E266BA700F47FE9 /* Sources */,
				F7529B681E266BA700F47FE9 /* Frameworks */,
				F7529B691E266BA700F47FE9 /* Resources */,
				149B073982509610292B7A5A /* [CP] Embed Pods Frameworks */,
				1F1FCFB102DCA358536EFAF4 /* [CP] Copy Pods Resources */,
			);
			buildRules = (
			);
			dependencies = (
				F7529B6D1E266BA700F47FE9 /* PBXTargetDependency */,
			);
			name = sixHandsTests;
			productName = sixHandsTests;
			productReference = F7529B6B1E266BA700F47FE9 /* sixHandsTests.xctest */;
			productType = "com.apple.product-type.bundle.unit-test";
		};
		F7529B751E266BA700F47FE9 /* sixHandsUITests */ = {
			isa = PBXNativeTarget;
			buildConfigurationList = F7529B851E266BA700F47FE9 /* Build configuration list for PBXNativeTarget "sixHandsUITests" */;
			buildPhases = (
				D3A679B211BE70DA707B887B /* [CP] Check Pods Manifest.lock */,
				F7529B721E266BA700F47FE9 /* Sources */,
				F7529B731E266BA700F47FE9 /* Frameworks */,
				F7529B741E266BA700F47FE9 /* Resources */,
				B379DF48C9DF859361F6E4BD /* [CP] Embed Pods Frameworks */,
				C4674EA44CDC31D2BF7BCB34 /* [CP] Copy Pods Resources */,
			);
			buildRules = (
			);
			dependencies = (
				F7529B781E266BA700F47FE9 /* PBXTargetDependency */,
			);
			name = sixHandsUITests;
			productName = sixHandsUITests;
			productReference = F7529B761E266BA700F47FE9 /* sixHandsUITests.xctest */;
			productType = "com.apple.product-type.bundle.ui-testing";
		};
/* End PBXNativeTarget section */

/* Begin PBXProject section */
		F7529B4F1E266BA700F47FE9 /* Project object */ = {
			isa = PBXProject;
			attributes = {
				LastSwiftUpdateCheck = 0820;
				LastUpgradeCheck = 0820;
				ORGANIZATIONNAME = "Владимир Марков";
				TargetAttributes = {
					F7529B561E266BA700F47FE9 = {
						CreatedOnToolsVersion = 8.2;
						DevelopmentTeam = 4RWLL37A47;
						LastSwiftMigration = 0820;
						ProvisioningStyle = Automatic;
					};
					F7529B6A1E266BA700F47FE9 = {
						CreatedOnToolsVersion = 8.2;
						ProvisioningStyle = Automatic;
						TestTargetID = F7529B561E266BA700F47FE9;
					};
					F7529B751E266BA700F47FE9 = {
						CreatedOnToolsVersion = 8.2;
						ProvisioningStyle = Automatic;
						TestTargetID = F7529B561E266BA700F47FE9;
					};
				};
			};
			buildConfigurationList = F7529B521E266BA700F47FE9 /* Build configuration list for PBXProject "sixHands" */;
			compatibilityVersion = "Xcode 3.2";
			developmentRegion = English;
			hasScannedForEncodings = 0;
			knownRegions = (
				en,
				Base,
			);
			mainGroup = F7529B4E1E266BA700F47FE9;
			productRefGroup = F7529B581E266BA700F47FE9 /* Products */;
			projectDirPath = "";
			projectRoot = "";
			targets = (
				F7529B561E266BA700F47FE9 /* sixHands */,
				F7529B6A1E266BA700F47FE9 /* sixHandsTests */,
				F7529B751E266BA700F47FE9 /* sixHandsUITests */,
			);
		};
/* End PBXProject section */

/* Begin PBXResourcesBuildPhase section */
		F7529B551E266BA700F47FE9 /* Resources */ = {
			isa = PBXResourcesBuildPhase;
			buildActionMask = 2147483647;
			files = (
				F7529B651E266BA700F47FE9 /* LaunchScreen.storyboard in Resources */,
				40B0D23D1E6F39DE00BC1142 /* Assets.xcassets in Resources */,
				F7529B601E266BA700F47FE9 /* Main.storyboard in Resources */,
			);
			runOnlyForDeploymentPostprocessing = 0;
		};
		F7529B691E266BA700F47FE9 /* Resources */ = {
			isa = PBXResourcesBuildPhase;
			buildActionMask = 2147483647;
			files = (
			);
			runOnlyForDeploymentPostprocessing = 0;
		};
		F7529B741E266BA700F47FE9 /* Resources */ = {
			isa = PBXResourcesBuildPhase;
			buildActionMask = 2147483647;
			files = (
			);
			runOnlyForDeploymentPostprocessing = 0;
		};
/* End PBXResourcesBuildPhase section */

/* Begin PBXShellScriptBuildPhase section */
		076D2B3E2F3E230768C53663 /* [CP] Embed Pods Frameworks */ = {
			isa = PBXShellScriptBuildPhase;
			buildActionMask = 2147483647;
			files = (
			);
			inputPaths = (
			);
			name = "[CP] Embed Pods Frameworks";
			outputPaths = (
			);
			runOnlyForDeploymentPostprocessing = 0;
			shellPath = /bin/sh;
			shellScript = "\"${SRCROOT}/Pods/Target Support Files/Pods-sixHands/Pods-sixHands-frameworks.sh\"\n";
			showEnvVarsInLog = 0;
		};
		149B073982509610292B7A5A /* [CP] Embed Pods Frameworks */ = {
			isa = PBXShellScriptBuildPhase;
			buildActionMask = 2147483647;
			files = (
			);
			inputPaths = (
			);
			name = "[CP] Embed Pods Frameworks";
			outputPaths = (
			);
			runOnlyForDeploymentPostprocessing = 0;
			shellPath = /bin/sh;
			shellScript = "\"${SRCROOT}/Pods/Target Support Files/Pods-sixHandsTests/Pods-sixHandsTests-frameworks.sh\"\n";
			showEnvVarsInLog = 0;
		};
		1F1FCFB102DCA358536EFAF4 /* [CP] Copy Pods Resources */ = {
			isa = PBXShellScriptBuildPhase;
			buildActionMask = 2147483647;
			files = (
			);
			inputPaths = (
			);
			name = "[CP] Copy Pods Resources";
			outputPaths = (
			);
			runOnlyForDeploymentPostprocessing = 0;
			shellPath = /bin/sh;
			shellScript = "\"${SRCROOT}/Pods/Target Support Files/Pods-sixHandsTests/Pods-sixHandsTests-resources.sh\"\n";
			showEnvVarsInLog = 0;
		};
		A206DC8D692F60F9F5150E35 /* [CP] Check Pods Manifest.lock */ = {
			isa = PBXShellScriptBuildPhase;
			buildActionMask = 2147483647;
			files = (
			);
			inputPaths = (
			);
			name = "[CP] Check Pods Manifest.lock";
			outputPaths = (
			);
			runOnlyForDeploymentPostprocessing = 0;
			shellPath = /bin/sh;
			shellScript = "diff \"${PODS_ROOT}/../Podfile.lock\" \"${PODS_ROOT}/Manifest.lock\" > /dev/null\nif [ $? != 0 ] ; then\n    # print error to STDERR\n    echo \"error: The sandbox is not in sync with the Podfile.lock. Run 'pod install' or update your CocoaPods installation.\" >&2\n    exit 1\nfi\n";
			showEnvVarsInLog = 0;
		};
		B379DF48C9DF859361F6E4BD /* [CP] Embed Pods Frameworks */ = {
			isa = PBXShellScriptBuildPhase;
			buildActionMask = 2147483647;
			files = (
			);
			inputPaths = (
			);
			name = "[CP] Embed Pods Frameworks";
			outputPaths = (
			);
			runOnlyForDeploymentPostprocessing = 0;
			shellPath = /bin/sh;
			shellScript = "\"${SRCROOT}/Pods/Target Support Files/Pods-sixHandsUITests/Pods-sixHandsUITests-frameworks.sh\"\n";
			showEnvVarsInLog = 0;
		};
		C4674EA44CDC31D2BF7BCB34 /* [CP] Copy Pods Resources */ = {
			isa = PBXShellScriptBuildPhase;
			buildActionMask = 2147483647;
			files = (
			);
			inputPaths = (
			);
			name = "[CP] Copy Pods Resources";
			outputPaths = (
			);
			runOnlyForDeploymentPostprocessing = 0;
			shellPath = /bin/sh;
			shellScript = "\"${SRCROOT}/Pods/Target Support Files/Pods-sixHandsUITests/Pods-sixHandsUITests-resources.sh\"\n";
			showEnvVarsInLog = 0;
		};
		D3A679B211BE70DA707B887B /* [CP] Check Pods Manifest.lock */ = {
			isa = PBXShellScriptBuildPhase;
			buildActionMask = 2147483647;
			files = (
			);
			inputPaths = (
			);
			name = "[CP] Check Pods Manifest.lock";
			outputPaths = (
			);
			runOnlyForDeploymentPostprocessing = 0;
			shellPath = /bin/sh;
			shellScript = "diff \"${PODS_ROOT}/../Podfile.lock\" \"${PODS_ROOT}/Manifest.lock\" > /dev/null\nif [ $? != 0 ] ; then\n    # print error to STDERR\n    echo \"error: The sandbox is not in sync with the Podfile.lock. Run 'pod install' or update your CocoaPods installation.\" >&2\n    exit 1\nfi\n";
			showEnvVarsInLog = 0;
		};
		DD815C7A80DF7387AF815B51 /* [CP] Copy Pods Resources */ = {
			isa = PBXShellScriptBuildPhase;
			buildActionMask = 2147483647;
			files = (
			);
			inputPaths = (
			);
			name = "[CP] Copy Pods Resources";
			outputPaths = (
			);
			runOnlyForDeploymentPostprocessing = 0;
			shellPath = /bin/sh;
			shellScript = "\"${SRCROOT}/Pods/Target Support Files/Pods-sixHands/Pods-sixHands-resources.sh\"\n";
			showEnvVarsInLog = 0;
		};
		E912C8311D575F25FE63ED31 /* [CP] Check Pods Manifest.lock */ = {
			isa = PBXShellScriptBuildPhase;
			buildActionMask = 2147483647;
			files = (
			);
			inputPaths = (
			);
			name = "[CP] Check Pods Manifest.lock";
			outputPaths = (
			);
			runOnlyForDeploymentPostprocessing = 0;
			shellPath = /bin/sh;
			shellScript = "diff \"${PODS_ROOT}/../Podfile.lock\" \"${PODS_ROOT}/Manifest.lock\" > /dev/null\nif [ $? != 0 ] ; then\n    # print error to STDERR\n    echo \"error: The sandbox is not in sync with the Podfile.lock. Run 'pod install' or update your CocoaPods installation.\" >&2\n    exit 1\nfi\n";
			showEnvVarsInLog = 0;
		};
/* End PBXShellScriptBuildPhase section */

/* Begin PBXSourcesBuildPhase section */
		F7529B531E266BA700F47FE9 /* Sources */ = {
			isa = PBXSourcesBuildPhase;
			buildActionMask = 2147483647;
			files = (
				408A687C1E424A8900FEA8EF /* APIfunctions.swift in Sources */,
				9D869E7D1E9B675F00C18EB7 /* Entry.swift in Sources */,
				9D4DD7E31EE56D3C00633DFE /* RentCommentController.swift in Sources */,
				405F99411E75E09C002EB303 /* person.swift in Sources */,
				9DEB382C1EDF5C8800303561 /* NumbersContainer.swift in Sources */,
				406BC19C1E7FCA06000ECBE2 /* MutualFriendsTableViewCell.swift in Sources */,
				401F5EED1F06A3E1007BD559 /* OKSDK.m in Sources */,
				9D4DD7E11EE54DEE00633DFE /* Empty.swift in Sources */,
				408376931E4B4C3C001B8F16 /* FlatViewController.swift in Sources */,
				9D8D64481E47C03100019F22 /* RentAddressController.swift in Sources */,
				404F01F91F12567100833A7E /* favouritesViewController.swift in Sources */,
				9D4DD7DF1EE54AFC00633DFE /* MasterContainer.swift in Sources */,
				9D6F7FC01E9B77800012AFE8 /* EditFlatController.swift in Sources */,
				9D6FE0E71E42437C00133C3F /* ProfileController.swift in Sources */,
				404E70E11E2EBF2800F94277 /* FacebookAuth.swift in Sources */,
				F7529B5D1E266BA700F47FE9 /* ViewController.swift in Sources */,
				406BC19A1E7FC8BA000ECBE2 /* MutualFriendsViewController.swift in Sources */,
				404A1B561F0001CE00AA5C22 /* ConnectionCheck.swift in Sources */,
				9DC414C01E4B4D0B001A9385 /* RentLastPageController.swift in Sources */,
				9D33CA5E1E4A6F1B000FFAA9 /* RentParamsController.swift in Sources */,
				407618661E3E245400650C72 /* classFlat.swift in Sources */,
				F7BAACAF1E2C8FE7009BE9AD /* ListOfFlatsController.swift in Sources */,
				400274BC1E321D46000B94DF /* FlatViewCell.swift in Sources */,
				DAB274151E27BB9900A06E11 /* six_hand.xcdatamodel in Sources */,
				F7529B5B1E266BA700F47FE9 /* AppDelegate.swift in Sources */,
			);
			runOnlyForDeploymentPostprocessing = 0;
		};
		F7529B671E266BA700F47FE9 /* Sources */ = {
			isa = PBXSourcesBuildPhase;
			buildActionMask = 2147483647;
			files = (
				F7529B701E266BA700F47FE9 /* sixHandsTests.swift in Sources */,
			);
			runOnlyForDeploymentPostprocessing = 0;
		};
		F7529B721E266BA700F47FE9 /* Sources */ = {
			isa = PBXSourcesBuildPhase;
			buildActionMask = 2147483647;
			files = (
				F7529B7B1E266BA700F47FE9 /* sixHandsUITests.swift in Sources */,
			);
			runOnlyForDeploymentPostprocessing = 0;
		};
/* End PBXSourcesBuildPhase section */

/* Begin PBXTargetDependency section */
		F7529B6D1E266BA700F47FE9 /* PBXTargetDependency */ = {
			isa = PBXTargetDependency;
			target = F7529B561E266BA700F47FE9 /* sixHands */;
			targetProxy = F7529B6C1E266BA700F47FE9 /* PBXContainerItemProxy */;
		};
		F7529B781E266BA700F47FE9 /* PBXTargetDependency */ = {
			isa = PBXTargetDependency;
			target = F7529B561E266BA700F47FE9 /* sixHands */;
			targetProxy = F7529B771E266BA700F47FE9 /* PBXContainerItemProxy */;
		};
/* End PBXTargetDependency section */

/* Begin PBXVariantGroup section */
		F7529B5E1E266BA700F47FE9 /* Main.storyboard */ = {
			isa = PBXVariantGroup;
			children = (
				F7529B5F1E266BA700F47FE9 /* Base */,
			);
			name = Main.storyboard;
			sourceTree = "<group>";
		};
		F7529B631E266BA700F47FE9 /* LaunchScreen.storyboard */ = {
			isa = PBXVariantGroup;
			children = (
				F7529B641E266BA700F47FE9 /* Base */,
			);
			name = LaunchScreen.storyboard;
			sourceTree = "<group>";
		};
/* End PBXVariantGroup section */

/* Begin XCBuildConfiguration section */
		F7529B7D1E266BA700F47FE9 /* Debug */ = {
			isa = XCBuildConfiguration;
			buildSettings = {
				ALWAYS_SEARCH_USER_PATHS = NO;
				CLANG_ANALYZER_NONNULL = YES;
				CLANG_CXX_LANGUAGE_STANDARD = "gnu++0x";
				CLANG_CXX_LIBRARY = "libc++";
				CLANG_ENABLE_MODULES = YES;
				CLANG_ENABLE_OBJC_ARC = YES;
				CLANG_WARN_BOOL_CONVERSION = YES;
				CLANG_WARN_CONSTANT_CONVERSION = YES;
				CLANG_WARN_DIRECT_OBJC_ISA_USAGE = YES_ERROR;
				CLANG_WARN_DOCUMENTATION_COMMENTS = YES;
				CLANG_WARN_EMPTY_BODY = YES;
				CLANG_WARN_ENUM_CONVERSION = YES;
				CLANG_WARN_INFINITE_RECURSION = YES;
				CLANG_WARN_INT_CONVERSION = YES;
				CLANG_WARN_OBJC_ROOT_CLASS = YES_ERROR;
				CLANG_WARN_SUSPICIOUS_MOVE = YES;
				CLANG_WARN_UNREACHABLE_CODE = YES;
				CLANG_WARN__DUPLICATE_METHOD_MATCH = YES;
				"CODE_SIGN_IDENTITY[sdk=iphoneos*]" = "iPhone Developer";
				COPY_PHASE_STRIP = NO;
				DEBUG_INFORMATION_FORMAT = dwarf;
				ENABLE_STRICT_OBJC_MSGSEND = YES;
				ENABLE_TESTABILITY = YES;
				GCC_C_LANGUAGE_STANDARD = gnu99;
				GCC_DYNAMIC_NO_PIC = NO;
				GCC_NO_COMMON_BLOCKS = YES;
				GCC_OPTIMIZATION_LEVEL = 0;
				GCC_PREPROCESSOR_DEFINITIONS = (
					"DEBUG=1",
					"$(inherited)",
				);
				GCC_WARN_64_TO_32_BIT_CONVERSION = YES;
				GCC_WARN_ABOUT_RETURN_TYPE = YES_ERROR;
				GCC_WARN_UNDECLARED_SELECTOR = YES;
				GCC_WARN_UNINITIALIZED_AUTOS = YES_AGGRESSIVE;
				GCC_WARN_UNUSED_FUNCTION = YES;
				GCC_WARN_UNUSED_VARIABLE = YES;
				IPHONEOS_DEPLOYMENT_TARGET = 10.0;
				MTL_ENABLE_DEBUG_INFO = YES;
				ONLY_ACTIVE_ARCH = YES;
				SDKROOT = iphoneos;
				SWIFT_ACTIVE_COMPILATION_CONDITIONS = DEBUG;
				SWIFT_OPTIMIZATION_LEVEL = "-Onone";
			};
			name = Debug;
		};
		F7529B7E1E266BA700F47FE9 /* Release */ = {
			isa = XCBuildConfiguration;
			buildSettings = {
				ALWAYS_SEARCH_USER_PATHS = NO;
				CLANG_ANALYZER_NONNULL = YES;
				CLANG_CXX_LANGUAGE_STANDARD = "gnu++0x";
				CLANG_CXX_LIBRARY = "libc++";
				CLANG_ENABLE_MODULES = YES;
				CLANG_ENABLE_OBJC_ARC = YES;
				CLANG_WARN_BOOL_CONVERSION = YES;
				CLANG_WARN_CONSTANT_CONVERSION = YES;
				CLANG_WARN_DIRECT_OBJC_ISA_USAGE = YES_ERROR;
				CLANG_WARN_DOCUMENTATION_COMMENTS = YES;
				CLANG_WARN_EMPTY_BODY = YES;
				CLANG_WARN_ENUM_CONVERSION = YES;
				CLANG_WARN_INFINITE_RECURSION = YES;
				CLANG_WARN_INT_CONVERSION = YES;
				CLANG_WARN_OBJC_ROOT_CLASS = YES_ERROR;
				CLANG_WARN_SUSPICIOUS_MOVE = YES;
				CLANG_WARN_UNREACHABLE_CODE = YES;
				CLANG_WARN__DUPLICATE_METHOD_MATCH = YES;
				"CODE_SIGN_IDENTITY[sdk=iphoneos*]" = "iPhone Developer";
				COPY_PHASE_STRIP = NO;
				DEBUG_INFORMATION_FORMAT = "dwarf-with-dsym";
				ENABLE_NS_ASSERTIONS = NO;
				ENABLE_STRICT_OBJC_MSGSEND = YES;
				GCC_C_LANGUAGE_STANDARD = gnu99;
				GCC_NO_COMMON_BLOCKS = YES;
				GCC_WARN_64_TO_32_BIT_CONVERSION = YES;
				GCC_WARN_ABOUT_RETURN_TYPE = YES_ERROR;
				GCC_WARN_UNDECLARED_SELECTOR = YES;
				GCC_WARN_UNINITIALIZED_AUTOS = YES_AGGRESSIVE;
				GCC_WARN_UNUSED_FUNCTION = YES;
				GCC_WARN_UNUSED_VARIABLE = YES;
				IPHONEOS_DEPLOYMENT_TARGET = 10.0;
				MTL_ENABLE_DEBUG_INFO = NO;
				SDKROOT = iphoneos;
				SWIFT_OPTIMIZATION_LEVEL = "-Owholemodule";
				VALIDATE_PRODUCT = YES;
			};
			name = Release;
		};
		F7529B801E266BA700F47FE9 /* Debug */ = {
			isa = XCBuildConfiguration;
			baseConfigurationReference = 63FDC736767934B0635C653E /* Pods-sixHands.debug.xcconfig */;
			buildSettings = {
				ALWAYS_SEARCH_USER_PATHS = NO;
				ASSETCATALOG_COMPILER_APPICON_NAME = AppIcon;
				CLANG_ENABLE_MODULES = YES;
				DEVELOPMENT_TEAM = 4RWLL37A47;
				ENABLE_BITCODE = YES;
				FRAMEWORK_SEARCH_PATHS = (
					"$(inherited)",
					"$(PROJECT_DIR)/build/Debug-iphoneos/SwiftyJSON",
					"$(PROJECT_DIR)/Pods",
					"$(PROJECT_DIR)",
				);
				INFOPLIST_FILE = sixHands/Info.plist;
				IPHONEOS_DEPLOYMENT_TARGET = 9.0;
				LD_RUNPATH_SEARCH_PATHS = "$(inherited) @executable_path/Frameworks";
				PRODUCT_BUNDLE_IDENTIFIER = com.styleru.SixHands;
				PRODUCT_NAME = "$(TARGET_NAME)";
				SWIFT_OBJC_BRIDGING_HEADER = "sixHands/sixHands-Bridging-Header.h";
				SWIFT_OPTIMIZATION_LEVEL = "-Onone";
				SWIFT_VERSION = 3.0;
			};
			name = Debug;
		};
		F7529B811E266BA700F47FE9 /* Release */ = {
			isa = XCBuildConfiguration;
			baseConfigurationReference = B7AF76E87CD3942874EF5E1F /* Pods-sixHands.release.xcconfig */;
			buildSettings = {
				ALWAYS_SEARCH_USER_PATHS = NO;
				ASSETCATALOG_COMPILER_APPICON_NAME = AppIcon;
				CLANG_ENABLE_MODULES = YES;
				DEVELOPMENT_TEAM = 4RWLL37A47;
				ENABLE_BITCODE = YES;
				FRAMEWORK_SEARCH_PATHS = (
					"$(inherited)",
					"$(PROJECT_DIR)/build/Debug-iphoneos/SwiftyJSON",
					"$(PROJECT_DIR)/Pods",
					"$(PROJECT_DIR)",
				);
				INFOPLIST_FILE = sixHands/Info.plist;
				IPHONEOS_DEPLOYMENT_TARGET = 9.0;
				LD_RUNPATH_SEARCH_PATHS = "$(inherited) @executable_path/Frameworks";
				PRODUCT_BUNDLE_IDENTIFIER = com.styleru.SixHands;
				PRODUCT_NAME = "$(TARGET_NAME)";
				SWIFT_OBJC_BRIDGING_HEADER = "sixHands/sixHands-Bridging-Header.h";
				SWIFT_VERSION = 3.0;
			};
			name = Release;
		};
		F7529B831E266BA700F47FE9 /* Debug */ = {
			isa = XCBuildConfiguration;
			baseConfigurationReference = 97141A11E80A7E41C9BE4B60 /* Pods-sixHandsTests.debug.xcconfig */;
			buildSettings = {
				ALWAYS_EMBED_SWIFT_STANDARD_LIBRARIES = YES;
				BUNDLE_LOADER = "$(TEST_HOST)";
				INFOPLIST_FILE = sixHandsTests/Info.plist;
				LD_RUNPATH_SEARCH_PATHS = "$(inherited) @executable_path/Frameworks @loader_path/Frameworks";
				PRODUCT_BUNDLE_IDENTIFIER = Styleru.sixHandsTests;
				PRODUCT_NAME = "$(TARGET_NAME)";
				SWIFT_VERSION = 3.0;
				TEST_HOST = "$(BUILT_PRODUCTS_DIR)/sixHands.app/sixHands";
			};
			name = Debug;
		};
		F7529B841E266BA700F47FE9 /* Release */ = {
			isa = XCBuildConfiguration;
			baseConfigurationReference = 36A6F9B5BD6D2615B0FFA05B /* Pods-sixHandsTests.release.xcconfig */;
			buildSettings = {
				ALWAYS_EMBED_SWIFT_STANDARD_LIBRARIES = YES;
				BUNDLE_LOADER = "$(TEST_HOST)";
				INFOPLIST_FILE = sixHandsTests/Info.plist;
				LD_RUNPATH_SEARCH_PATHS = "$(inherited) @executable_path/Frameworks @loader_path/Frameworks";
				PRODUCT_BUNDLE_IDENTIFIER = Styleru.sixHandsTests;
				PRODUCT_NAME = "$(TARGET_NAME)";
				SWIFT_VERSION = 3.0;
				TEST_HOST = "$(BUILT_PRODUCTS_DIR)/sixHands.app/sixHands";
			};
			name = Release;
		};
		F7529B861E266BA700F47FE9 /* Debug */ = {
			isa = XCBuildConfiguration;
			baseConfigurationReference = 18FBA49ED325AFFF16756EF4 /* Pods-sixHandsUITests.debug.xcconfig */;
			buildSettings = {
				ALWAYS_EMBED_SWIFT_STANDARD_LIBRARIES = YES;
				INFOPLIST_FILE = sixHandsUITests/Info.plist;
				LD_RUNPATH_SEARCH_PATHS = "$(inherited) @executable_path/Frameworks @loader_path/Frameworks";
				PRODUCT_BUNDLE_IDENTIFIER = Styleru.sixHandsUITests;
				PRODUCT_NAME = "$(TARGET_NAME)";
				SWIFT_VERSION = 3.0;
				TEST_TARGET_NAME = sixHands;
			};
			name = Debug;
		};
		F7529B871E266BA700F47FE9 /* Release */ = {
			isa = XCBuildConfiguration;
			baseConfigurationReference = AAA86B416A6473A83F995839 /* Pods-sixHandsUITests.release.xcconfig */;
			buildSettings = {
				ALWAYS_EMBED_SWIFT_STANDARD_LIBRARIES = YES;
				INFOPLIST_FILE = sixHandsUITests/Info.plist;
				LD_RUNPATH_SEARCH_PATHS = "$(inherited) @executable_path/Frameworks @loader_path/Frameworks";
				PRODUCT_BUNDLE_IDENTIFIER = Styleru.sixHandsUITests;
				PRODUCT_NAME = "$(TARGET_NAME)";
				SWIFT_VERSION = 3.0;
				TEST_TARGET_NAME = sixHands;
			};
			name = Release;
		};
/* End XCBuildConfiguration section */

/* Begin XCConfigurationList section */
		F7529B521E266BA700F47FE9 /* Build configuration list for PBXProject "sixHands" */ = {
			isa = XCConfigurationList;
			buildConfigurations = (
				F7529B7D1E266BA700F47FE9 /* Debug */,
				F7529B7E1E266BA700F47FE9 /* Release */,
			);
			defaultConfigurationIsVisible = 0;
			defaultConfigurationName = Release;
		};
		F7529B7F1E266BA700F47FE9 /* Build configuration list for PBXNativeTarget "sixHands" */ = {
			isa = XCConfigurationList;
			buildConfigurations = (
				F7529B801E266BA700F47FE9 /* Debug */,
				F7529B811E266BA700F47FE9 /* Release */,
			);
			defaultConfigurationIsVisible = 0;
			defaultConfigurationName = Release;
		};
		F7529B821E266BA700F47FE9 /* Build configuration list for PBXNativeTarget "sixHandsTests" */ = {
			isa = XCConfigurationList;
			buildConfigurations = (
				F7529B831E266BA700F47FE9 /* Debug */,
				F7529B841E266BA700F47FE9 /* Release */,
			);
			defaultConfigurationIsVisible = 0;
			defaultConfigurationName = Release;
		};
		F7529B851E266BA700F47FE9 /* Build configuration list for PBXNativeTarget "sixHandsUITests" */ = {
			isa = XCConfigurationList;
			buildConfigurations = (
				F7529B861E266BA700F47FE9 /* Debug */,
				F7529B871E266BA700F47FE9 /* Release */,
			);
			defaultConfigurationIsVisible = 0;
			defaultConfigurationName = Release;
		};
/* End XCConfigurationList section */
	};
	rootObject = F7529B4F1E266BA700F47FE9 /* Project object */;
}
